
Microsoft Visual Studio Solution File, Format Version 12.00
# Visual Studio Version 17
VisualStudioVersion = 17.3.32929.385
MinimumVisualStudioVersion = 10.0.40219.1
Project("{9A19103F-16F7-4668-BE54-9A1E7A4F7556}") = "tsp", "tsp.csproj", "{59613096-B853-41B9-9F2A-D68C7D9B9766}"
EndProject
Project("{9A19103F-16F7-4668-BE54-9A1E7A4F7556}") = "tsp-task", "..\tsp-task\tsp-task.csproj", "{7FDE1983-BB5B-47E4-82B6-6D9E966BA543}"
EndProject
Project("{9A19103F-16F7-4668-BE54-9A1E7A4F7556}") = "tsp-shared", "..\tsp-shared\tsp-shared.csproj", "{B9FBFCAB-743D-4071-AD54-EE194163DD56}"
EndProject
Project("{FAE04EC0-301F-11D3-BF4B-00C04F79EFBC}") = "tsp-thread", "..\tsp-thread\tsp-thread.csproj", "{5B164BEA-51A5-4BDA-8314-644F50F97313}"
EndProject
Global
	GlobalSection(SolutionConfigurationPlatforms) = preSolution
		Debug|Any CPU = Debug|Any CPU
		Release|Any CPU = Release|Any CPU
	EndGlobalSection
	GlobalSection(ProjectConfigurationPlatforms) = postSolution
		{59613096-B853-41B9-9F2A-D68C7D9B9766}.Debug|Any CPU.ActiveCfg = Debug|Any CPU
		{59613096-B853-41B9-9F2A-D68C7D9B9766}.Debug|Any CPU.Build.0 = Debug|Any CPU
		{59613096-B853-41B9-9F2A-D68C7D9B9766}.Release|Any CPU.ActiveCfg = Release|Any CPU
		{59613096-B853-41B9-9F2A-D68C7D9B9766}.Release|Any CPU.Build.0 = Release|Any CPU
		{7FDE1983-BB5B-47E4-82B6-6D9E966BA543}.Debug|Any CPU.ActiveCfg = Debug|Any CPU
		{7FDE1983-BB5B-47E4-82B6-6D9E966BA543}.Debug|Any CPU.Build.0 = Debug|Any CPU
		{7FDE1983-BB5B-47E4-82B6-6D9E966BA543}.Release|Any CPU.ActiveCfg = Release|Any CPU
		{7FDE1983-BB5B-47E4-82B6-6D9E966BA543}.Release|Any CPU.Build.0 = Release|Any CPU
		{B9FBFCAB-743D-4071-AD54-EE194163DD56}.Debug|Any CPU.ActiveCfg = Debug|Any CPU
		{B9FBFCAB-743D-4071-AD54-EE194163DD56}.Debug|Any CPU.Build.0 = Debug|Any CPU
		{B9FBFCAB-743D-4071-AD54-EE194163DD56}.Release|Any CPU.ActiveCfg = Release|Any CPU
		{B9FBFCAB-743D-4071-AD54-EE194163DD56}.Release|Any CPU.Build.0 = Release|Any CPU
		{5B164BEA-51A5-4BDA-8314-644F50F97313}.Debug|Any CPU.ActiveCfg = Debug|Any CPU
		{5B164BEA-51A5-4BDA-8314-644F50F97313}.Debug|Any CPU.Build.0 = Debug|Any CPU
		{5B164BEA-51A5-4BDA-8314-644F50F97313}.Release|Any CPU.ActiveCfg = Release|Any CPU
		{5B164BEA-51A5-4BDA-8314-644F50F97313}.Release|Any CPU.Build.0 = Release|Any CPU
	EndGlobalSection
	GlobalSection(SolutionProperties) = preSolution
		HideSolutionNode = FALSE
	EndGlobalSection
	GlobalSection(ExtensibilityGlobals) = postSolution
		SolutionGuid = {5FFD7920-E440-4647-B9BE-B9923E6BC784}
	EndGlobalSection
EndGlobal
